
Microsoft Visual Studio Solution File, Format Version 12.00
# Visual Studio Version 16
VisualStudioVersion = 16.0.30011.22
MinimumVisualStudioVersion = 10.0.40219.1
Project("{FAE04EC0-301F-11D3-BF4B-00C04F79EFBC}") = "Fish.Android", "Fish\Fish.Android\Fish.Android.csproj", "{5F0CC0B2-B95B-4B4B-ACE4-49D7AE4180A4}"
EndProject
Project("{FAE04EC0-301F-11D3-BF4B-00C04F79EFBC}") = "Fish.iOS", "Fish\Fish.iOS\Fish.iOS.csproj", "{03658102-C4F5-47EC-B4D7-4190E75C3423}"
EndProject
Project("{FAE04EC0-301F-11D3-BF4B-00C04F79EFBC}") = "Fish", "Fish\Fish\Fish.csproj", "{AD0E0368-D405-4CA0-8E1A-373859F2B4C8}"
EndProject
Global
	GlobalSection(SolutionConfigurationPlatforms) = preSolution
		Debug|Any CPU = Debug|Any CPU
		Debug|iPhone = Debug|iPhone
		Debug|iPhoneSimulator = Debug|iPhoneSimulator
		Release|Any CPU = Release|Any CPU
		Release|iPhone = Release|iPhone
		Release|iPhoneSimulator = Release|iPhoneSimulator
	EndGlobalSection
	GlobalSection(ProjectConfigurationPlatforms) = postSolution
		{5F0CC0B2-B95B-4B4B-ACE4-49D7AE4180A4}.Debug|Any CPU.ActiveCfg = Debug|Any CPU
		{5F0CC0B2-B95B-4B4B-ACE4-49D7AE4180A4}.Debug|Any CPU.Build.0 = Debug|Any CPU
		{5F0CC0B2-B95B-4B4B-ACE4-49D7AE4180A4}.Debug|Any CPU.Deploy.0 = Debug|Any CPU
		{5F0CC0B2-B95B-4B4B-ACE4-49D7AE4180A4}.Debug|iPhone.ActiveCfg = Debug|Any CPU
		{5F0CC0B2-B95B-4B4B-ACE4-49D7AE4180A4}.Debug|iPhone.Build.0 = Debug|Any CPU
		{5F0CC0B2-B95B-4B4B-ACE4-49D7AE4180A4}.Debug|iPhone.Deploy.0 = Debug|Any CPU
		{5F0CC0B2-B95B-4B4B-ACE4-49D7AE4180A4}.Debug|iPhoneSimulator.ActiveCfg = Debug|Any CPU
		{5F0CC0B2-B95B-4B4B-ACE4-49D7AE4180A4}.Debug|iPhoneSimulator.Build.0 = Debug|Any CPU
		{5F0CC0B2-B95B-4B4B-ACE4-49D7AE4180A4}.Debug|iPhoneSimulator.Deploy.0 = Debug|Any CPU
		{5F0CC0B2-B95B-4B4B-ACE4-49D7AE4180A4}.Release|Any CPU.ActiveCfg = Release|Any CPU
		{5F0CC0B2-B95B-4B4B-ACE4-49D7AE4180A4}.Release|Any CPU.Build.0 = Release|Any CPU
		{5F0CC0B2-B95B-4B4B-ACE4-49D7AE4180A4}.Release|Any CPU.Deploy.0 = Release|Any CPU
		{5F0CC0B2-B95B-4B4B-ACE4-49D7AE4180A4}.Release|iPhone.ActiveCfg = Release|Any CPU
		{5F0CC0B2-B95B-4B4B-ACE4-49D7AE4180A4}.Release|iPhone.Build.0 = Release|Any CPU
		{5F0CC0B2-B95B-4B4B-ACE4-49D7AE4180A4}.Release|iPhone.Deploy.0 = Release|Any CPU
		{5F0CC0B2-B95B-4B4B-ACE4-49D7AE4180A4}.Release|iPhoneSimulator.ActiveCfg = Release|Any CPU
		{5F0CC0B2-B95B-4B4B-ACE4-49D7AE4180A4}.Release|iPhoneSimulator.Build.0 = Release|Any CPU
		{5F0CC0B2-B95B-4B4B-ACE4-49D7AE4180A4}.Release|iPhoneSimulator.Deploy.0 = Release|Any CPU
		{03658102-C4F5-47EC-B4D7-4190E75C3423}.Debug|Any CPU.ActiveCfg = Debug|iPhone
		{03658102-C4F5-47EC-B4D7-4190E75C3423}.Debug|Any CPU.Build.0 = Debug|iPhone
		{03658102-C4F5-47EC-B4D7-4190E75C3423}.Debug|Any CPU.Deploy.0 = Debug|iPhone
		{03658102-C4F5-47EC-B4D7-4190E75C3423}.Debug|iPhone.ActiveCfg = Debug|iPhone
		{03658102-C4F5-47EC-B4D7-4190E75C3423}.Debug|iPhone.Build.0 = Debug|iPhone
		{03658102-C4F5-47EC-B4D7-4190E75C3423}.Debug|iPhone.Deploy.0 = Debug|iPhone
		{03658102-C4F5-47EC-B4D7-4190E75C3423}.Debug|iPhoneSimulator.ActiveCfg = Debug|iPhoneSimulator
		{03658102-C4F5-47EC-B4D7-4190E75C3423}.Debug|iPhoneSimulator.Build.0 = Debug|iPhoneSimulator
		{03658102-C4F5-47EC-B4D7-4190E75C3423}.Debug|iPhoneSimulator.Deploy.0 = Debug|iPhoneSimulator
		{03658102-C4F5-47EC-B4D7-4190E75C3423}.Release|Any CPU.ActiveCfg = Release|iPhone
		{03658102-C4F5-47EC-B4D7-4190E75C3423}.Release|Any CPU.Build.0 = Release|iPhone
		{03658102-C4F5-47EC-B4D7-4190E75C3423}.Release|Any CPU.Deploy.0 = Release|iPhone
		{03658102-C4F5-47EC-B4D7-4190E75C3423}.Release|iPhone.ActiveCfg = Release|iPhone
		{03658102-C4F5-47EC-B4D7-4190E75C3423}.Release|iPhone.Build.0 = Release|iPhone
		{03658102-C4F5-47EC-B4D7-4190E75C3423}.Release|iPhone.Deploy.0 = Release|iPhone
		{03658102-C4F5-47EC-B4D7-4190E75C3423}.Release|iPhoneSimulator.ActiveCfg = Release|iPhoneSimulator
		{03658102-C4F5-47EC-B4D7-4190E75C3423}.Release|iPhoneSimulator.Build.0 = Release|iPhoneSimulator
		{03658102-C4F5-47EC-B4D7-4190E75C3423}.Release|iPhoneSimulator.Deploy.0 = Release|iPhoneSimulator
		{AD0E0368-D405-4CA0-8E1A-373859F2B4C8}.Debug|Any CPU.ActiveCfg = Debug|Any CPU
		{AD0E0368-D405-4CA0-8E1A-373859F2B4C8}.Debug|Any CPU.Build.0 = Debug|Any CPU
		{AD0E0368-D405-4CA0-8E1A-373859F2B4C8}.Debug|Any CPU.Deploy.0 = Debug|Any CPU
		{AD0E0368-D405-4CA0-8E1A-373859F2B4C8}.Debug|iPhone.ActiveCfg = Debug|Any CPU
		{AD0E0368-D405-4CA0-8E1A-373859F2B4C8}.Debug|iPhone.Build.0 = Debug|Any CPU
		{AD0E0368-D405-4CA0-8E1A-373859F2B4C8}.Debug|iPhone.Deploy.0 = Debug|Any CPU
		{AD0E0368-D405-4CA0-8E1A-373859F2B4C8}.Debug|iPhoneSimulator.ActiveCfg = Debug|Any CPU
		{AD0E0368-D405-4CA0-8E1A-373859F2B4C8}.Debug|iPhoneSimulator.Build.0 = Debug|Any CPU
		{AD0E0368-D405-4CA0-8E1A-373859F2B4C8}.Debug|iPhoneSimulator.Deploy.0 = Debug|Any CPU
		{AD0E0368-D405-4CA0-8E1A-373859F2B4C8}.Release|Any CPU.ActiveCfg = Release|Any CPU
		{AD0E0368-D405-4CA0-8E1A-373859F2B4C8}.Release|Any CPU.Build.0 = Release|Any CPU
		{AD0E0368-D405-4CA0-8E1A-373859F2B4C8}.Release|Any CPU.Deploy.0 = Release|Any CPU
		{AD0E0368-D405-4CA0-8E1A-373859F2B4C8}.Release|iPhone.ActiveCfg = Release|Any CPU
		{AD0E0368-D405-4CA0-8E1A-373859F2B4C8}.Release|iPhone.Build.0 = Release|Any CPU
		{AD0E0368-D405-4CA0-8E1A-373859F2B4C8}.Release|iPhone.Deploy.0 = Release|Any CPU
		{AD0E0368-D405-4CA0-8E1A-373859F2B4C8}.Release|iPhoneSimulator.ActiveCfg = Release|Any CPU
		{AD0E0368-D405-4CA0-8E1A-373859F2B4C8}.Release|iPhoneSimulator.Build.0 = Release|Any CPU
		{AD0E0368-D405-4CA0-8E1A-373859F2B4C8}.Release|iPhoneSimulator.Deploy.0 = Release|Any CPU
	EndGlobalSection
	GlobalSection(SolutionProperties) = preSolution
		HideSolutionNode = FALSE
	EndGlobalSection
	GlobalSection(ExtensibilityGlobals) = postSolution
		SolutionGuid = {294CFC83-35DC-4E83-8D32-74CB60884F4C}
	EndGlobalSection
EndGlobal
